
Microsoft Visual Studio Solution File, Format Version 12.00
# Visual Studio 14
VisualStudioVersion = 14.0.25420.1
MinimumVisualStudioVersion = 10.0.40219.1
Project("{FAE04EC0-301F-11D3-BF4B-00C04F79EFBC}") = "NetProject_3", "NetProject_3\NetProject_3.csproj", "{2AA036A2-54B7-4C20-9650-410686A2B437}"
EndProject
Project("{FAE04EC0-301F-11D3-BF4B-00C04F79EFBC}") = "NetProject_3_Server", "NetProject_3_Server\NetProject_3_Server.csproj", "{6677ED1A-C9EC-4DF9-9ECC-A86F6048C9C6}"
EndProject
Global
	GlobalSection(SolutionConfigurationPlatforms) = preSolution
		Debug|Any CPU = Debug|Any CPU
		Release|Any CPU = Release|Any CPU
	EndGlobalSection
	GlobalSection(ProjectConfigurationPlatforms) = postSolution
		{2AA036A2-54B7-4C20-9650-410686A2B437}.Debug|Any CPU.ActiveCfg = Debug|Any CPU
		{2AA036A2-54B7-4C20-9650-410686A2B437}.Debug|Any CPU.Build.0 = Debug|Any CPU
		{2AA036A2-54B7-4C20-9650-410686A2B437}.Release|Any CPU.ActiveCfg = Release|Any CPU
		{2AA036A2-54B7-4C20-9650-410686A2B437}.Release|Any CPU.Build.0 = Release|Any CPU
		{6677ED1A-C9EC-4DF9-9ECC-A86F6048C9C6}.Debug|Any CPU.ActiveCfg = Debug|Any CPU
		{6677ED1A-C9EC-4DF9-9ECC-A86F6048C9C6}.Debug|Any CPU.Build.0 = Debug|Any CPU
		{6677ED1A-C9EC-4DF9-9ECC-A86F6048C9C6}.Release|Any CPU.ActiveCfg = Release|Any CPU
		{6677ED1A-C9EC-4DF9-9ECC-A86F6048C9C6}.Release|Any CPU.Build.0 = Release|Any CPU
	EndGlobalSection
	GlobalSection(SolutionProperties) = preSolution
		HideSolutionNode = FALSE
	EndGlobalSection
EndGlobal
